
Microsoft Visual Studio Solution File, Format Version 12.00
# Visual Studio Version 17
VisualStudioVersion = 17.13.35806.99
MinimumVisualStudioVersion = 10.0.40219.1
Project("{FAE04EC0-301F-11D3-BF4B-00C04F79EFBC}") = "Veterinaria", "Veterinaria\Veterinaria.csproj", "{392A4E58-3734-4B41-8BF0-C38895ECB230}"
EndProject
Project("{FAE04EC0-301F-11D3-BF4B-00C04F79EFBC}") = "Modelo", "Modelo\Modelo.csproj", "{82F08B1A-B981-453B-9820-43B93756AE93}"
EndProject
Project("{FAE04EC0-301F-11D3-BF4B-00C04F79EFBC}") = "Repository", "Repository\Repository.csproj", "{88100B89-A747-4AF2-909D-5A76CD538706}"
EndProject
Global
	GlobalSection(SolutionConfigurationPlatforms) = preSolution
		Debug|Any CPU = Debug|Any CPU
		Release|Any CPU = Release|Any CPU
	EndGlobalSection
	GlobalSection(ProjectConfigurationPlatforms) = postSolution
		{392A4E58-3734-4B41-8BF0-C38895ECB230}.Debug|Any CPU.ActiveCfg = Debug|Any CPU
		{392A4E58-3734-4B41-8BF0-C38895ECB230}.Debug|Any CPU.Build.0 = Debug|Any CPU
		{392A4E58-3734-4B41-8BF0-C38895ECB230}.Release|Any CPU.ActiveCfg = Release|Any CPU
		{392A4E58-3734-4B41-8BF0-C38895ECB230}.Release|Any CPU.Build.0 = Release|Any CPU
		{82F08B1A-B981-453B-9820-43B93756AE93}.Debug|Any CPU.ActiveCfg = Debug|Any CPU
		{82F08B1A-B981-453B-9820-43B93756AE93}.Debug|Any CPU.Build.0 = Debug|Any CPU
		{82F08B1A-B981-453B-9820-43B93756AE93}.Release|Any CPU.ActiveCfg = Release|Any CPU
		{82F08B1A-B981-453B-9820-43B93756AE93}.Release|Any CPU.Build.0 = Release|Any CPU
		{88100B89-A747-4AF2-909D-5A76CD538706}.Debug|Any CPU.ActiveCfg = Debug|Any CPU
		{88100B89-A747-4AF2-909D-5A76CD538706}.Debug|Any CPU.Build.0 = Debug|Any CPU
		{88100B89-A747-4AF2-909D-5A76CD538706}.Release|Any CPU.ActiveCfg = Release|Any CPU
		{88100B89-A747-4AF2-909D-5A76CD538706}.Release|Any CPU.Build.0 = Release|Any CPU
	EndGlobalSection
	GlobalSection(SolutionProperties) = preSolution
		HideSolutionNode = FALSE
	EndGlobalSection
	GlobalSection(ExtensibilityGlobals) = postSolution
		SolutionGuid = {C7A64473-706D-435D-9C7A-BEE3B2E5F72E}
	EndGlobalSection
EndGlobal
