
Microsoft Visual Studio Solution File, Format Version 12.00
# Visual Studio Version 17
VisualStudioVersion = 17.13.35806.99 d17.13
MinimumVisualStudioVersion = 10.0.40219.1
Project("{FAE04EC0-301F-11D3-BF4B-00C04F79EFBC}") = "WeekDays", "WeekDays\WeekDays.csproj", "{5EA49203-B6ED-4661-9C75-E0E579353537}"
EndProject
Global
	GlobalSection(SolutionConfigurationPlatforms) = preSolution
		Debug|Any CPU = Debug|Any CPU
		Release|Any CPU = Release|Any CPU
	EndGlobalSection
	GlobalSection(ProjectConfigurationPlatforms) = postSolution
		{5EA49203-B6ED-4661-9C75-E0E579353537}.Debug|Any CPU.ActiveCfg = Debug|Any CPU
		{5EA49203-B6ED-4661-9C75-E0E579353537}.Debug|Any CPU.Build.0 = Debug|Any CPU
		{5EA49203-B6ED-4661-9C75-E0E579353537}.Release|Any CPU.ActiveCfg = Release|Any CPU
		{5EA49203-B6ED-4661-9C75-E0E579353537}.Release|Any CPU.Build.0 = Release|Any CPU
	EndGlobalSection
	GlobalSection(SolutionProperties) = preSolution
		HideSolutionNode = FALSE
	EndGlobalSection
	GlobalSection(ExtensibilityGlobals) = postSolution
		SolutionGuid = {A251F73C-2025-4507-A3EE-50E273B6742A}
	EndGlobalSection
EndGlobal
